
Microsoft Visual Studio Solution File, Format Version 12.00
# Visual Studio Version 17
VisualStudioVersion = 17.6.33829.357
MinimumVisualStudioVersion = 10.0.40219.1
Project("{FAE04EC0-301F-11D3-BF4B-00C04F79EFBC}") = "Visby2023", "Visby2023\Visby2023.csproj", "{5E1F4CCD-E0F7-4153-ADFD-01038CE3A37A}"
EndProject
Global
	GlobalSection(SolutionConfigurationPlatforms) = preSolution
		Debug|Any CPU = Debug|Any CPU
		Release|Any CPU = Release|Any CPU
	EndGlobalSection
	GlobalSection(ProjectConfigurationPlatforms) = postSolution
		{5E1F4CCD-E0F7-4153-ADFD-01038CE3A37A}.Debug|Any CPU.ActiveCfg = Debug|Any CPU
		{5E1F4CCD-E0F7-4153-ADFD-01038CE3A37A}.Debug|Any CPU.Build.0 = Debug|Any CPU
		{5E1F4CCD-E0F7-4153-ADFD-01038CE3A37A}.Release|Any CPU.ActiveCfg = Release|Any CPU
		{5E1F4CCD-E0F7-4153-ADFD-01038CE3A37A}.Release|Any CPU.Build.0 = Release|Any CPU
	EndGlobalSection
	GlobalSection(SolutionProperties) = preSolution
		HideSolutionNode = FALSE
	EndGlobalSection
	GlobalSection(ExtensibilityGlobals) = postSolution
		SolutionGuid = {775B759F-2380-4681-8BAA-92A68730705E}
	EndGlobalSection
EndGlobal
